
Microsoft Visual Studio Solution File, Format Version 12.00
# Visual Studio Version 16
VisualStudioVersion = 16.0.31313.79
MinimumVisualStudioVersion = 10.0.40219.1
Project("{FAE04EC0-301F-11D3-BF4B-00C04F79EFBC}") = "ASP NET CORE CONCEPTS WEB", "ASP NET CORE CONCEPTS WEB\ASP NET CORE CONCEPTS WEB.csproj", "{71AD0694-3237-4118-8656-1365A1591050}"
EndProject
Global
	GlobalSection(SolutionConfigurationPlatforms) = preSolution
		Debug|Any CPU = Debug|Any CPU
		Release|Any CPU = Release|Any CPU
	EndGlobalSection
	GlobalSection(ProjectConfigurationPlatforms) = postSolution
		{71AD0694-3237-4118-8656-1365A1591050}.Debug|Any CPU.ActiveCfg = Debug|Any CPU
		{71AD0694-3237-4118-8656-1365A1591050}.Debug|Any CPU.Build.0 = Debug|Any CPU
		{71AD0694-3237-4118-8656-1365A1591050}.Release|Any CPU.ActiveCfg = Release|Any CPU
		{71AD0694-3237-4118-8656-1365A1591050}.Release|Any CPU.Build.0 = Release|Any CPU
	EndGlobalSection
	GlobalSection(SolutionProperties) = preSolution
		HideSolutionNode = FALSE
	EndGlobalSection
	GlobalSection(ExtensibilityGlobals) = postSolution
		SolutionGuid = {F9718BDC-93D4-48C9-855F-2E6935FE4C85}
	EndGlobalSection
EndGlobal
